
Microsoft Visual Studio Solution File, Format Version 12.00
# Visual Studio 2012
Project("{2150E333-8FDC-42A3-9474-1A3956D46DE8}") = "src", "src", "{AF3CF27A-00DE-46E8-A5E1-319EE5980254}"
EndProject
Project("{2150E333-8FDC-42A3-9474-1A3956D46DE8}") = "Solution Items", "Solution Items", "{43173888-EF99-4D3A-AD1A-75D7CB399DFC}"
EndProject
Project("{FAE04EC0-301F-11D3-BF4B-00C04F79EFBC}") = "EGram.Web.MVC", "src\EGram.Web.MVC\EGram.Web.MVC.csproj", "{4B9CA2CF-15FC-4478-8569-754BDCC0C045}"
EndProject
Project("{FAE04EC0-301F-11D3-BF4B-00C04F79EFBC}") = "EGram.Data.SQL.Ef", "src\EGram.Data.SQL.Ef\EGram.Data.SQL.Ef.csproj", "{18024B11-197A-4379-AA03-A85B51AD818D}"
EndProject
Global
	GlobalSection(SolutionConfigurationPlatforms) = preSolution
		Debug|Any CPU = Debug|Any CPU
		Release|Any CPU = Release|Any CPU
	EndGlobalSection
	GlobalSection(ProjectConfigurationPlatforms) = postSolution
		{4B9CA2CF-15FC-4478-8569-754BDCC0C045}.Debug|Any CPU.ActiveCfg = Debug|Any CPU
		{4B9CA2CF-15FC-4478-8569-754BDCC0C045}.Debug|Any CPU.Build.0 = Debug|Any CPU
		{4B9CA2CF-15FC-4478-8569-754BDCC0C045}.Release|Any CPU.ActiveCfg = Release|Any CPU
		{4B9CA2CF-15FC-4478-8569-754BDCC0C045}.Release|Any CPU.Build.0 = Release|Any CPU
		{18024B11-197A-4379-AA03-A85B51AD818D}.Debug|Any CPU.ActiveCfg = Debug|Any CPU
		{18024B11-197A-4379-AA03-A85B51AD818D}.Debug|Any CPU.Build.0 = Debug|Any CPU
		{18024B11-197A-4379-AA03-A85B51AD818D}.Release|Any CPU.ActiveCfg = Release|Any CPU
		{18024B11-197A-4379-AA03-A85B51AD818D}.Release|Any CPU.Build.0 = Release|Any CPU
	EndGlobalSection
	GlobalSection(NestedProjects) = preSolution
		{4B9CA2CF-15FC-4478-8569-754BDCC0C045} = {AF3CF27A-00DE-46E8-A5E1-319EE5980254}
		{18024B11-197A-4379-AA03-A85B51AD818D} = {AF3CF27A-00DE-46E8-A5E1-319EE5980254}
	EndGlobalSection
	GlobalSection(MonoDevelopProperties) = preSolution
		Policies = $0
		$0.DotNetNamingPolicy = $1
		$1.DirectoryNamespaceAssociation = PrefixedHierarchical
		$0.VersionControlPolicy = $2
	EndGlobalSection
EndGlobal
